
Microsoft Visual Studio Solution File, Format Version 12.00
# Visual Studio 15
VisualStudioVersion = 15.0.28307.757
MinimumVisualStudioVersion = 10.0.40219.1
Project("{9A19103F-16F7-4668-BE54-9A1E7A4F7556}") = "Pet.Application", "Pet.Application\Pet.Application.csproj", "{9AD286C6-F78E-4580-B384-E8E99BEAC596}"
EndProject
Project("{9A19103F-16F7-4668-BE54-9A1E7A4F7556}") = "Pet.Connector.Abstractions", "Pet.Connector.Abstractions\Pet.Connector.Abstractions.csproj", "{A1292E21-F51A-47D8-9515-7F19AF93FA4D}"
EndProject
Project("{9A19103F-16F7-4668-BE54-9A1E7A4F7556}") = "Pet.Connector.Ing", "Pet.Connector.Ing\Pet.Connector.Ing.csproj", "{7048606A-C548-4A12-9A53-339E52DE392B}"
EndProject
Project("{2150E333-8FDC-42A3-9474-1A3956D46DE8}") = "src", "src", "{CED66E0B-1E80-48E1-A75B-0F8B1391E9F7}"
EndProject
Project("{2150E333-8FDC-42A3-9474-1A3956D46DE8}") = "test", "test", "{2C8910C0-0780-449A-8C92-CADEF2679BC6}"
EndProject
Project("{2150E333-8FDC-42A3-9474-1A3956D46DE8}") = "UnitTests", "UnitTests", "{ED4C55B0-CD28-4816-9C7A-4CAB3A8B04AE}"
EndProject
Project("{2150E333-8FDC-42A3-9474-1A3956D46DE8}") = "IntegrationTests", "IntegrationTests", "{A1CEF968-F35B-4BE7-99C6-C58F15F54696}"
EndProject
Project("{9A19103F-16F7-4668-BE54-9A1E7A4F7556}") = "Pet.Connector.Ing.Tests", "Pet.Connector.Ing.Tests\Pet.Connector.Ing.Tests.csproj", "{96956585-4532-45C8-81D3-DA13F62BF022}"
EndProject
Project("{2150E333-8FDC-42A3-9474-1A3956D46DE8}") = "connectors", "connectors", "{8B50F3B6-1398-4CDD-8F26-F3F56722DE9E}"
EndProject
Project("{9A19103F-16F7-4668-BE54-9A1E7A4F7556}") = "Pet.Web", "Pet.Web\Pet.Web.csproj", "{BCB7F081-B2ED-4CAF-AECE-81881333DA7E}"
EndProject
Project("{9A19103F-16F7-4668-BE54-9A1E7A4F7556}") = "Pet.Migrations", "Pet.Migrations\Pet.Migrations.csproj", "{6078E626-EC1F-4ACF-8E38-3A89AB93A108}"
EndProject
Project("{2150E333-8FDC-42A3-9474-1A3956D46DE8}") = "Solution Items", "Solution Items", "{968A1B3C-44EF-47CB-831F-EA6857EC8704}"
	ProjectSection(SolutionItems) = preProject
		dependencies.props = dependencies.props
		Directory.Build.props = Directory.Build.props
	EndProjectSection
EndProject
Project("{9A19103F-16F7-4668-BE54-9A1E7A4F7556}") = "Pet.Tenant", "Pet.Tenant\Pet.Tenant.csproj", "{195D3DD4-8ABF-4092-A73F-6ED37ED4E157}"
EndProject
Project("{9A19103F-16F7-4668-BE54-9A1E7A4F7556}") = "Pet.Tenant.Abstractions", "Pet.Tenant.Abstractions\Pet.Tenant.Abstractions.csproj", "{999C0FF9-B8B0-4171-89BF-84C0AA2E6F58}"
EndProject
Project("{2150E333-8FDC-42A3-9474-1A3956D46DE8}") = "tenant", "tenant", "{82AB94C4-5183-48E0-8212-24637C3519CF}"
EndProject
Project("{2150E333-8FDC-42A3-9474-1A3956D46DE8}") = "domain", "domain", "{5BA16564-AC04-44EF-958F-6CF0A010A5D2}"
EndProject
Project("{9A19103F-16F7-4668-BE54-9A1E7A4F7556}") = "Pet.Banking.Domain", "Pet.BankingDomain\Pet.Banking.Domain.csproj", "{A53EC911-58DC-4E89-BC7B-5CC3189175DE}"
EndProject
Project("{9A19103F-16F7-4668-BE54-9A1E7A4F7556}") = "Pet.ExpenseTracking.Domain", "Pet.ExpenseTrackingDomain\Pet.ExpenseTracking.Domain.csproj", "{6CC018A9-2327-4AAE-A4D1-FFA2AC953FDE}"
EndProject
Project("{2150E333-8FDC-42A3-9474-1A3956D46DE8}") = "data", "data", "{4B0DCDA9-0F43-4F22-BB01-F91360BA8216}"
EndProject
Project("{9A19103F-16F7-4668-BE54-9A1E7A4F7556}") = "Pet.Banking.Data", "Pet.Banking.Data\Pet.Banking.Data.csproj", "{2B37201E-54C4-415B-8EC7-0D054BF682B1}"
EndProject
Project("{9A19103F-16F7-4668-BE54-9A1E7A4F7556}") = "Pet.ExpenseTracking.Data", "Pet.ExpenseTracking.Data\Pet.ExpenseTracking.Data.csproj", "{2D3EA6C0-6927-4F5D-AAF8-BEFB6D1E14B7}"
EndProject
Project("{9A19103F-16F7-4668-BE54-9A1E7A4F7556}") = "Pet.ReadModel", "Pet.ReadModel\Pet.ReadModel.csproj", "{1A3769C2-4ED7-4CA3-8F51-6D7A9DEDD021}"
EndProject
Project("{9A19103F-16F7-4668-BE54-9A1E7A4F7556}") = "Pet.ReadModel.Data", "Pet.ReadModel.Data\Pet.ReadModel.Data.csproj", "{EFDBCA6D-23F7-4B6B-878A-A975B1CA42C4}"
EndProject
Project("{9A19103F-16F7-4668-BE54-9A1E7A4F7556}") = "Pet.Connector.Finq", "Pet.Connector.Finq\Pet.Connector.Finq.csproj", "{675FDDF4-5E00-4964-9576-D497039DA94C}"
EndProject
Project("{9A19103F-16F7-4668-BE54-9A1E7A4F7556}") = "Pet.OpenBanking.Domain", "Pet.OpenBanking.Domain\Pet.OpenBanking.Domain.csproj", "{925FA785-62E5-448A-9D66-E18BAAE3B1E9}"
EndProject
Project("{9A19103F-16F7-4668-BE54-9A1E7A4F7556}") = "Pet.OpenBanking.Data", "Pet.OpenBanking.Data\Pet.OpenBanking.Data.csproj", "{AEEFE6A4-AA06-4F1D-BC77-FF8C168A4CE4}"
EndProject
Project("{FAE04EC0-301F-11D3-BF4B-00C04F79EFBC}") = "Pet.Connector.Finq.Tests", "Pet.Connector.Finq.Tests\Pet.Connector.Finq.Tests.csproj", "{3D6D4A19-3301-4A3F-9F60-2372C386FEDD}"
EndProject
Global
	GlobalSection(SolutionConfigurationPlatforms) = preSolution
		Debug|Any CPU = Debug|Any CPU
		Release|Any CPU = Release|Any CPU
	EndGlobalSection
	GlobalSection(ProjectConfigurationPlatforms) = postSolution
		{9AD286C6-F78E-4580-B384-E8E99BEAC596}.Debug|Any CPU.ActiveCfg = Debug|Any CPU
		{9AD286C6-F78E-4580-B384-E8E99BEAC596}.Debug|Any CPU.Build.0 = Debug|Any CPU
		{9AD286C6-F78E-4580-B384-E8E99BEAC596}.Release|Any CPU.ActiveCfg = Release|Any CPU
		{9AD286C6-F78E-4580-B384-E8E99BEAC596}.Release|Any CPU.Build.0 = Release|Any CPU
		{A1292E21-F51A-47D8-9515-7F19AF93FA4D}.Debug|Any CPU.ActiveCfg = Debug|Any CPU
		{A1292E21-F51A-47D8-9515-7F19AF93FA4D}.Debug|Any CPU.Build.0 = Debug|Any CPU
		{A1292E21-F51A-47D8-9515-7F19AF93FA4D}.Release|Any CPU.ActiveCfg = Release|Any CPU
		{A1292E21-F51A-47D8-9515-7F19AF93FA4D}.Release|Any CPU.Build.0 = Release|Any CPU
		{7048606A-C548-4A12-9A53-339E52DE392B}.Debug|Any CPU.ActiveCfg = Debug|Any CPU
		{7048606A-C548-4A12-9A53-339E52DE392B}.Debug|Any CPU.Build.0 = Debug|Any CPU
		{7048606A-C548-4A12-9A53-339E52DE392B}.Release|Any CPU.ActiveCfg = Release|Any CPU
		{7048606A-C548-4A12-9A53-339E52DE392B}.Release|Any CPU.Build.0 = Release|Any CPU
		{96956585-4532-45C8-81D3-DA13F62BF022}.Debug|Any CPU.ActiveCfg = Debug|Any CPU
		{96956585-4532-45C8-81D3-DA13F62BF022}.Debug|Any CPU.Build.0 = Debug|Any CPU
		{96956585-4532-45C8-81D3-DA13F62BF022}.Release|Any CPU.ActiveCfg = Release|Any CPU
		{96956585-4532-45C8-81D3-DA13F62BF022}.Release|Any CPU.Build.0 = Release|Any CPU
		{BCB7F081-B2ED-4CAF-AECE-81881333DA7E}.Debug|Any CPU.ActiveCfg = Debug|Any CPU
		{BCB7F081-B2ED-4CAF-AECE-81881333DA7E}.Debug|Any CPU.Build.0 = Debug|Any CPU
		{BCB7F081-B2ED-4CAF-AECE-81881333DA7E}.Release|Any CPU.ActiveCfg = Release|Any CPU
		{BCB7F081-B2ED-4CAF-AECE-81881333DA7E}.Release|Any CPU.Build.0 = Release|Any CPU
		{6078E626-EC1F-4ACF-8E38-3A89AB93A108}.Debug|Any CPU.ActiveCfg = Debug|Any CPU
		{6078E626-EC1F-4ACF-8E38-3A89AB93A108}.Debug|Any CPU.Build.0 = Debug|Any CPU
		{6078E626-EC1F-4ACF-8E38-3A89AB93A108}.Release|Any CPU.ActiveCfg = Release|Any CPU
		{6078E626-EC1F-4ACF-8E38-3A89AB93A108}.Release|Any CPU.Build.0 = Release|Any CPU
		{195D3DD4-8ABF-4092-A73F-6ED37ED4E157}.Debug|Any CPU.ActiveCfg = Debug|Any CPU
		{195D3DD4-8ABF-4092-A73F-6ED37ED4E157}.Debug|Any CPU.Build.0 = Debug|Any CPU
		{195D3DD4-8ABF-4092-A73F-6ED37ED4E157}.Release|Any CPU.ActiveCfg = Release|Any CPU
		{195D3DD4-8ABF-4092-A73F-6ED37ED4E157}.Release|Any CPU.Build.0 = Release|Any CPU
		{999C0FF9-B8B0-4171-89BF-84C0AA2E6F58}.Debug|Any CPU.ActiveCfg = Debug|Any CPU
		{999C0FF9-B8B0-4171-89BF-84C0AA2E6F58}.Debug|Any CPU.Build.0 = Debug|Any CPU
		{999C0FF9-B8B0-4171-89BF-84C0AA2E6F58}.Release|Any CPU.ActiveCfg = Release|Any CPU
		{999C0FF9-B8B0-4171-89BF-84C0AA2E6F58}.Release|Any CPU.Build.0 = Release|Any CPU
		{A53EC911-58DC-4E89-BC7B-5CC3189175DE}.Debug|Any CPU.ActiveCfg = Debug|Any CPU
		{A53EC911-58DC-4E89-BC7B-5CC3189175DE}.Debug|Any CPU.Build.0 = Debug|Any CPU
		{A53EC911-58DC-4E89-BC7B-5CC3189175DE}.Release|Any CPU.ActiveCfg = Release|Any CPU
		{A53EC911-58DC-4E89-BC7B-5CC3189175DE}.Release|Any CPU.Build.0 = Release|Any CPU
		{6CC018A9-2327-4AAE-A4D1-FFA2AC953FDE}.Debug|Any CPU.ActiveCfg = Debug|Any CPU
		{6CC018A9-2327-4AAE-A4D1-FFA2AC953FDE}.Debug|Any CPU.Build.0 = Debug|Any CPU
		{6CC018A9-2327-4AAE-A4D1-FFA2AC953FDE}.Release|Any CPU.ActiveCfg = Release|Any CPU
		{6CC018A9-2327-4AAE-A4D1-FFA2AC953FDE}.Release|Any CPU.Build.0 = Release|Any CPU
		{2B37201E-54C4-415B-8EC7-0D054BF682B1}.Debug|Any CPU.ActiveCfg = Debug|Any CPU
		{2B37201E-54C4-415B-8EC7-0D054BF682B1}.Debug|Any CPU.Build.0 = Debug|Any CPU
		{2B37201E-54C4-415B-8EC7-0D054BF682B1}.Release|Any CPU.ActiveCfg = Release|Any CPU
		{2B37201E-54C4-415B-8EC7-0D054BF682B1}.Release|Any CPU.Build.0 = Release|Any CPU
		{2D3EA6C0-6927-4F5D-AAF8-BEFB6D1E14B7}.Debug|Any CPU.ActiveCfg = Debug|Any CPU
		{2D3EA6C0-6927-4F5D-AAF8-BEFB6D1E14B7}.Debug|Any CPU.Build.0 = Debug|Any CPU
		{2D3EA6C0-6927-4F5D-AAF8-BEFB6D1E14B7}.Release|Any CPU.ActiveCfg = Release|Any CPU
		{2D3EA6C0-6927-4F5D-AAF8-BEFB6D1E14B7}.Release|Any CPU.Build.0 = Release|Any CPU
		{1A3769C2-4ED7-4CA3-8F51-6D7A9DEDD021}.Debug|Any CPU.ActiveCfg = Debug|Any CPU
		{1A3769C2-4ED7-4CA3-8F51-6D7A9DEDD021}.Debug|Any CPU.Build.0 = Debug|Any CPU
		{1A3769C2-4ED7-4CA3-8F51-6D7A9DEDD021}.Release|Any CPU.ActiveCfg = Release|Any CPU
		{1A3769C2-4ED7-4CA3-8F51-6D7A9DEDD021}.Release|Any CPU.Build.0 = Release|Any CPU
		{EFDBCA6D-23F7-4B6B-878A-A975B1CA42C4}.Debug|Any CPU.ActiveCfg = Debug|Any CPU
		{EFDBCA6D-23F7-4B6B-878A-A975B1CA42C4}.Debug|Any CPU.Build.0 = Debug|Any CPU
		{EFDBCA6D-23F7-4B6B-878A-A975B1CA42C4}.Release|Any CPU.ActiveCfg = Release|Any CPU
		{EFDBCA6D-23F7-4B6B-878A-A975B1CA42C4}.Release|Any CPU.Build.0 = Release|Any CPU
		{675FDDF4-5E00-4964-9576-D497039DA94C}.Debug|Any CPU.ActiveCfg = Debug|Any CPU
		{675FDDF4-5E00-4964-9576-D497039DA94C}.Debug|Any CPU.Build.0 = Debug|Any CPU
		{675FDDF4-5E00-4964-9576-D497039DA94C}.Release|Any CPU.ActiveCfg = Release|Any CPU
		{675FDDF4-5E00-4964-9576-D497039DA94C}.Release|Any CPU.Build.0 = Release|Any CPU
		{925FA785-62E5-448A-9D66-E18BAAE3B1E9}.Debug|Any CPU.ActiveCfg = Debug|Any CPU
		{925FA785-62E5-448A-9D66-E18BAAE3B1E9}.Debug|Any CPU.Build.0 = Debug|Any CPU
		{925FA785-62E5-448A-9D66-E18BAAE3B1E9}.Release|Any CPU.ActiveCfg = Release|Any CPU
		{925FA785-62E5-448A-9D66-E18BAAE3B1E9}.Release|Any CPU.Build.0 = Release|Any CPU
		{AEEFE6A4-AA06-4F1D-BC77-FF8C168A4CE4}.Debug|Any CPU.ActiveCfg = Debug|Any CPU
		{AEEFE6A4-AA06-4F1D-BC77-FF8C168A4CE4}.Debug|Any CPU.Build.0 = Debug|Any CPU
		{AEEFE6A4-AA06-4F1D-BC77-FF8C168A4CE4}.Release|Any CPU.ActiveCfg = Release|Any CPU
		{AEEFE6A4-AA06-4F1D-BC77-FF8C168A4CE4}.Release|Any CPU.Build.0 = Release|Any CPU
		{3D6D4A19-3301-4A3F-9F60-2372C386FEDD}.Debug|Any CPU.ActiveCfg = Debug|Any CPU
		{3D6D4A19-3301-4A3F-9F60-2372C386FEDD}.Debug|Any CPU.Build.0 = Debug|Any CPU
		{3D6D4A19-3301-4A3F-9F60-2372C386FEDD}.Release|Any CPU.ActiveCfg = Release|Any CPU
		{3D6D4A19-3301-4A3F-9F60-2372C386FEDD}.Release|Any CPU.Build.0 = Release|Any CPU
	EndGlobalSection
	GlobalSection(SolutionProperties) = preSolution
		HideSolutionNode = FALSE
	EndGlobalSection
	GlobalSection(NestedProjects) = preSolution
		{9AD286C6-F78E-4580-B384-E8E99BEAC596} = {CED66E0B-1E80-48E1-A75B-0F8B1391E9F7}
		{A1292E21-F51A-47D8-9515-7F19AF93FA4D} = {8B50F3B6-1398-4CDD-8F26-F3F56722DE9E}
		{7048606A-C548-4A12-9A53-339E52DE392B} = {8B50F3B6-1398-4CDD-8F26-F3F56722DE9E}
		{ED4C55B0-CD28-4816-9C7A-4CAB3A8B04AE} = {2C8910C0-0780-449A-8C92-CADEF2679BC6}
		{A1CEF968-F35B-4BE7-99C6-C58F15F54696} = {2C8910C0-0780-449A-8C92-CADEF2679BC6}
		{96956585-4532-45C8-81D3-DA13F62BF022} = {ED4C55B0-CD28-4816-9C7A-4CAB3A8B04AE}
		{8B50F3B6-1398-4CDD-8F26-F3F56722DE9E} = {CED66E0B-1E80-48E1-A75B-0F8B1391E9F7}
		{BCB7F081-B2ED-4CAF-AECE-81881333DA7E} = {CED66E0B-1E80-48E1-A75B-0F8B1391E9F7}
		{6078E626-EC1F-4ACF-8E38-3A89AB93A108} = {CED66E0B-1E80-48E1-A75B-0F8B1391E9F7}
		{195D3DD4-8ABF-4092-A73F-6ED37ED4E157} = {82AB94C4-5183-48E0-8212-24637C3519CF}
		{999C0FF9-B8B0-4171-89BF-84C0AA2E6F58} = {82AB94C4-5183-48E0-8212-24637C3519CF}
		{82AB94C4-5183-48E0-8212-24637C3519CF} = {CED66E0B-1E80-48E1-A75B-0F8B1391E9F7}
		{5BA16564-AC04-44EF-958F-6CF0A010A5D2} = {CED66E0B-1E80-48E1-A75B-0F8B1391E9F7}
		{A53EC911-58DC-4E89-BC7B-5CC3189175DE} = {5BA16564-AC04-44EF-958F-6CF0A010A5D2}
		{6CC018A9-2327-4AAE-A4D1-FFA2AC953FDE} = {5BA16564-AC04-44EF-958F-6CF0A010A5D2}
		{4B0DCDA9-0F43-4F22-BB01-F91360BA8216} = {CED66E0B-1E80-48E1-A75B-0F8B1391E9F7}
		{2B37201E-54C4-415B-8EC7-0D054BF682B1} = {4B0DCDA9-0F43-4F22-BB01-F91360BA8216}
		{2D3EA6C0-6927-4F5D-AAF8-BEFB6D1E14B7} = {4B0DCDA9-0F43-4F22-BB01-F91360BA8216}
		{1A3769C2-4ED7-4CA3-8F51-6D7A9DEDD021} = {5BA16564-AC04-44EF-958F-6CF0A010A5D2}
		{EFDBCA6D-23F7-4B6B-878A-A975B1CA42C4} = {4B0DCDA9-0F43-4F22-BB01-F91360BA8216}
		{675FDDF4-5E00-4964-9576-D497039DA94C} = {8B50F3B6-1398-4CDD-8F26-F3F56722DE9E}
		{925FA785-62E5-448A-9D66-E18BAAE3B1E9} = {5BA16564-AC04-44EF-958F-6CF0A010A5D2}
		{AEEFE6A4-AA06-4F1D-BC77-FF8C168A4CE4} = {4B0DCDA9-0F43-4F22-BB01-F91360BA8216}
		{3D6D4A19-3301-4A3F-9F60-2372C386FEDD} = {ED4C55B0-CD28-4816-9C7A-4CAB3A8B04AE}
	EndGlobalSection
	GlobalSection(ExtensibilityGlobals) = postSolution
		SolutionGuid = {AB8F72E6-E2A4-4FA3-BBC7-B469332B2A1C}
	EndGlobalSection
EndGlobal
